
Microsoft Visual Studio Solution File, Format Version 12.00
# Visual Studio Version 17
VisualStudioVersion = 17.7.34031.279
MinimumVisualStudioVersion = 10.0.40219.1
Project("{9A19103F-16F7-4668-BE54-9A1E7A4F7556}") = "AM.Console", "revision\AM.Console.csproj", "{29478B4E-D675-4306-8155-F1F6E4CA86F8}"
EndProject
Project("{FAE04EC0-301F-11D3-BF4B-00C04F79EFBC}") = "AM.ApplicationCore", "AM.ApplicationCore\AM.ApplicationCore.csproj", "{620FB83F-185C-49DE-A10A-AECB04D0793C}"
EndProject
Global
	GlobalSection(SolutionConfigurationPlatforms) = preSolution
		Debug|Any CPU = Debug|Any CPU
		Release|Any CPU = Release|Any CPU
	EndGlobalSection
	GlobalSection(ProjectConfigurationPlatforms) = postSolution
		{29478B4E-D675-4306-8155-F1F6E4CA86F8}.Debug|Any CPU.ActiveCfg = Debug|Any CPU
		{29478B4E-D675-4306-8155-F1F6E4CA86F8}.Debug|Any CPU.Build.0 = Debug|Any CPU
		{29478B4E-D675-4306-8155-F1F6E4CA86F8}.Release|Any CPU.ActiveCfg = Release|Any CPU
		{29478B4E-D675-4306-8155-F1F6E4CA86F8}.Release|Any CPU.Build.0 = Release|Any CPU
		{620FB83F-185C-49DE-A10A-AECB04D0793C}.Debug|Any CPU.ActiveCfg = Debug|Any CPU
		{620FB83F-185C-49DE-A10A-AECB04D0793C}.Debug|Any CPU.Build.0 = Debug|Any CPU
		{620FB83F-185C-49DE-A10A-AECB04D0793C}.Release|Any CPU.ActiveCfg = Release|Any CPU
		{620FB83F-185C-49DE-A10A-AECB04D0793C}.Release|Any CPU.Build.0 = Release|Any CPU
	EndGlobalSection
	GlobalSection(SolutionProperties) = preSolution
		HideSolutionNode = FALSE
	EndGlobalSection
	GlobalSection(ExtensibilityGlobals) = postSolution
		SolutionGuid = {88A88297-60BB-4D84-8264-CA274F96F0BA}
	EndGlobalSection
EndGlobal
